
Microsoft Visual Studio Solution File, Format Version 12.00
# Visual Studio Version 16
VisualStudioVersion = 16.0.30114.105
MinimumVisualStudioVersion = 10.0.40219.1
Project("{FAE04EC0-301F-11D3-BF4B-00C04F79EFBC}") = "API", "API\API.csproj", "{8FD58162-CE4B-4C18-91F7-DDE66A77B998}"
EndProject
Project("{FAE04EC0-301F-11D3-BF4B-00C04F79EFBC}") = "Application", "Application\Application.csproj", "{B938E131-09EF-4E15-B14D-B3378E3F65FA}"
EndProject
Project("{FAE04EC0-301F-11D3-BF4B-00C04F79EFBC}") = "Persistence", "Persistence\Persistence.csproj", "{30659D7F-76A5-4234-995E-FB04DDE07E61}"
EndProject
Project("{FAE04EC0-301F-11D3-BF4B-00C04F79EFBC}") = "Domain", "Domain\Domain.csproj", "{BE9CB7CF-476B-4E15-AE29-B4BFBA4E65B1}"
EndProject
Global
	GlobalSection(SolutionConfigurationPlatforms) = preSolution
		Debug|Any CPU = Debug|Any CPU
		Debug|x64 = Debug|x64
		Debug|x86 = Debug|x86
		Release|Any CPU = Release|Any CPU
		Release|x64 = Release|x64
		Release|x86 = Release|x86
	EndGlobalSection
	GlobalSection(SolutionProperties) = preSolution
		HideSolutionNode = FALSE
	EndGlobalSection
	GlobalSection(ProjectConfigurationPlatforms) = postSolution
		{8FD58162-CE4B-4C18-91F7-DDE66A77B998}.Debug|Any CPU.ActiveCfg = Debug|Any CPU
		{8FD58162-CE4B-4C18-91F7-DDE66A77B998}.Debug|Any CPU.Build.0 = Debug|Any CPU
		{8FD58162-CE4B-4C18-91F7-DDE66A77B998}.Debug|x64.ActiveCfg = Debug|Any CPU
		{8FD58162-CE4B-4C18-91F7-DDE66A77B998}.Debug|x64.Build.0 = Debug|Any CPU
		{8FD58162-CE4B-4C18-91F7-DDE66A77B998}.Debug|x86.ActiveCfg = Debug|Any CPU
		{8FD58162-CE4B-4C18-91F7-DDE66A77B998}.Debug|x86.Build.0 = Debug|Any CPU
		{8FD58162-CE4B-4C18-91F7-DDE66A77B998}.Release|Any CPU.ActiveCfg = Release|Any CPU
		{8FD58162-CE4B-4C18-91F7-DDE66A77B998}.Release|Any CPU.Build.0 = Release|Any CPU
		{8FD58162-CE4B-4C18-91F7-DDE66A77B998}.Release|x64.ActiveCfg = Release|Any CPU
		{8FD58162-CE4B-4C18-91F7-DDE66A77B998}.Release|x64.Build.0 = Release|Any CPU
		{8FD58162-CE4B-4C18-91F7-DDE66A77B998}.Release|x86.ActiveCfg = Release|Any CPU
		{8FD58162-CE4B-4C18-91F7-DDE66A77B998}.Release|x86.Build.0 = Release|Any CPU
		{B938E131-09EF-4E15-B14D-B3378E3F65FA}.Debug|Any CPU.ActiveCfg = Debug|Any CPU
		{B938E131-09EF-4E15-B14D-B3378E3F65FA}.Debug|Any CPU.Build.0 = Debug|Any CPU
		{B938E131-09EF-4E15-B14D-B3378E3F65FA}.Debug|x64.ActiveCfg = Debug|Any CPU
		{B938E131-09EF-4E15-B14D-B3378E3F65FA}.Debug|x64.Build.0 = Debug|Any CPU
		{B938E131-09EF-4E15-B14D-B3378E3F65FA}.Debug|x86.ActiveCfg = Debug|Any CPU
		{B938E131-09EF-4E15-B14D-B3378E3F65FA}.Debug|x86.Build.0 = Debug|Any CPU
		{B938E131-09EF-4E15-B14D-B3378E3F65FA}.Release|Any CPU.ActiveCfg = Release|Any CPU
		{B938E131-09EF-4E15-B14D-B3378E3F65FA}.Release|Any CPU.Build.0 = Release|Any CPU
		{B938E131-09EF-4E15-B14D-B3378E3F65FA}.Release|x64.ActiveCfg = Release|Any CPU
		{B938E131-09EF-4E15-B14D-B3378E3F65FA}.Release|x64.Build.0 = Release|Any CPU
		{B938E131-09EF-4E15-B14D-B3378E3F65FA}.Release|x86.ActiveCfg = Release|Any CPU
		{B938E131-09EF-4E15-B14D-B3378E3F65FA}.Release|x86.Build.0 = Release|Any CPU
		{30659D7F-76A5-4234-995E-FB04DDE07E61}.Debug|Any CPU.ActiveCfg = Debug|Any CPU
		{30659D7F-76A5-4234-995E-FB04DDE07E61}.Debug|Any CPU.Build.0 = Debug|Any CPU
		{30659D7F-76A5-4234-995E-FB04DDE07E61}.Debug|x64.ActiveCfg = Debug|Any CPU
		{30659D7F-76A5-4234-995E-FB04DDE07E61}.Debug|x64.Build.0 = Debug|Any CPU
		{30659D7F-76A5-4234-995E-FB04DDE07E61}.Debug|x86.ActiveCfg = Debug|Any CPU
		{30659D7F-76A5-4234-995E-FB04DDE07E61}.Debug|x86.Build.0 = Debug|Any CPU
		{30659D7F-76A5-4234-995E-FB04DDE07E61}.Release|Any CPU.ActiveCfg = Release|Any CPU
		{30659D7F-76A5-4234-995E-FB04DDE07E61}.Release|Any CPU.Build.0 = Release|Any CPU
		{30659D7F-76A5-4234-995E-FB04DDE07E61}.Release|x64.ActiveCfg = Release|Any CPU
		{30659D7F-76A5-4234-995E-FB04DDE07E61}.Release|x64.Build.0 = Release|Any CPU
		{30659D7F-76A5-4234-995E-FB04DDE07E61}.Release|x86.ActiveCfg = Release|Any CPU
		{30659D7F-76A5-4234-995E-FB04DDE07E61}.Release|x86.Build.0 = Release|Any CPU
		{BE9CB7CF-476B-4E15-AE29-B4BFBA4E65B1}.Debug|Any CPU.ActiveCfg = Debug|Any CPU
		{BE9CB7CF-476B-4E15-AE29-B4BFBA4E65B1}.Debug|Any CPU.Build.0 = Debug|Any CPU
		{BE9CB7CF-476B-4E15-AE29-B4BFBA4E65B1}.Debug|x64.ActiveCfg = Debug|Any CPU
		{BE9CB7CF-476B-4E15-AE29-B4BFBA4E65B1}.Debug|x64.Build.0 = Debug|Any CPU
		{BE9CB7CF-476B-4E15-AE29-B4BFBA4E65B1}.Debug|x86.ActiveCfg = Debug|Any CPU
		{BE9CB7CF-476B-4E15-AE29-B4BFBA4E65B1}.Debug|x86.Build.0 = Debug|Any CPU
		{BE9CB7CF-476B-4E15-AE29-B4BFBA4E65B1}.Release|Any CPU.ActiveCfg = Release|Any CPU
		{BE9CB7CF-476B-4E15-AE29-B4BFBA4E65B1}.Release|Any CPU.Build.0 = Release|Any CPU
		{BE9CB7CF-476B-4E15-AE29-B4BFBA4E65B1}.Release|x64.ActiveCfg = Release|Any CPU
		{BE9CB7CF-476B-4E15-AE29-B4BFBA4E65B1}.Release|x64.Build.0 = Release|Any CPU
		{BE9CB7CF-476B-4E15-AE29-B4BFBA4E65B1}.Release|x86.ActiveCfg = Release|Any CPU
		{BE9CB7CF-476B-4E15-AE29-B4BFBA4E65B1}.Release|x86.Build.0 = Release|Any CPU
	EndGlobalSection
EndGlobal
